// !$*UTF8*$!
{
	archiveVersion = 1;
	classes = {
	};
	objectVersion = 56;
	objects = {

/* Begin PBXBuildFile section */
		1501AEB22BBDC6D6003EB5EF /* CellularFillingApp.swift in Sources */ = {isa = PBXBuildFile; fileRef = 1501AEB12BBDC6D6003EB5EF /* CellularFillingApp.swift */; };
		1501AEB42BBDC6D6003EB5EF /* NewWorldView.swift in Sources */ = {isa = PBXBuildFile; fileRef = 1501AEB32BBDC6D6003EB5EF /* NewWorldView.swift */; };
		1501AEB62BBDC6D9003EB5EF /* Assets.xcassets in Resources */ = {isa = PBXBuildFile; fileRef = 1501AEB52BBDC6D9003EB5EF /* Assets.xcassets */; };
		1501AEB92BBDC6D9003EB5EF /* Preview Assets.xcassets in Resources */ = {isa = PBXBuildFile; fileRef = 1501AEB82BBDC6D9003EB5EF /* Preview Assets.xcassets */; };
		1501AEC72BBEAE8C003EB5EF /* NewWorldViewModel.swift in Sources */ = {isa = PBXBuildFile; fileRef = 1501AEC62BBEAE8B003EB5EF /* NewWorldViewModel.swift */; };
		1501AECA2BBEAEDD003EB5EF /* NewWorldCell.swift in Sources */ = {isa = PBXBuildFile; fileRef = 1501AEC92BBEAEDD003EB5EF /* NewWorldCell.swift */; };
		1501AECC2BBEB583003EB5EF /* Cell.swift in Sources */ = {isa = PBXBuildFile; fileRef = 1501AECB2BBEB583003EB5EF /* Cell.swift */; };
/* End PBXBuildFile section */

/* Begin PBXFileReference section */
		1501AEAE2BBDC6D6003EB5EF /* CellularFilling.app */ = {isa = PBXFileReference; explicitFileType = wrapper.application; includeInIndex = 0; path = CellularFilling.app; sourceTree = BUILT_PRODUCTS_DIR; };
		1501AEB12BBDC6D6003EB5EF /* CellularFillingApp.swift */ = {isa = PBXFileReference; lastKnownFileType = sourcecode.swift; path = CellularFillingApp.swift; sourceTree = "<group>"; };
		1501AEB32BBDC6D6003EB5EF /* NewWorldView.swift */ = {isa = PBXFileReference; lastKnownFileType = sourcecode.swift; path = NewWorldView.swift; sourceTree = "<group>"; };
		1501AEB52BBDC6D9003EB5EF /* Assets.xcassets */ = {isa = PBXFileReference; lastKnownFileType = folder.assetcatalog; path = Assets.xcassets; sourceTree = "<group>"; };
		1501AEB82BBDC6D9003EB5EF /* Preview Assets.xcassets */ = {isa = PBXFileReference; lastKnownFileType = folder.assetcatalog; path = "Preview Assets.xcassets"; sourceTree = "<group>"; };
		1501AEC62BBEAE8B003EB5EF /* NewWorldViewModel.swift */ = {isa = PBXFileReference; lastKnownFileType = sourcecode.swift; path = NewWorldViewModel.swift; sourceTree = "<group>"; };
		1501AEC92BBEAEDD003EB5EF /* NewWorldCell.swift */ = {isa = PBXFileReference; lastKnownFileType = sourcecode.swift; path = NewWorldCell.swift; sourceTree = "<group>"; };
		1501AECB2BBEB583003EB5EF /* Cell.swift */ = {isa = PBXFileReference; lastKnownFileType = sourcecode.swift; path = Cell.swift; sourceTree = "<group>"; };
/* End PBXFileReference section */

/* Begin PBXFrameworksBuildPhase section */
		1501AEAB2BBDC6D6003EB5EF /* Frameworks */ = {
			isa = PBXFrameworksBuildPhase;
			buildActionMask = 2147483647;
			files = (
			);
			runOnlyForDeploymentPostprocessing = 0;
		};
/* End PBXFrameworksBuildPhase section */

/* Begin PBXGroup section */
		1501AEA52BBDC6D6003EB5EF = {
			isa = PBXGroup;
			children = (
				1501AEB02BBDC6D6003EB5EF /* CellularFilling */,
				1501AEAF2BBDC6D6003EB5EF /* Products */,
			);
			sourceTree = "<group>";
		};
		1501AEAF2BBDC6D6003EB5EF /* Products */ = {
			isa = PBXGroup;
			children = (
				1501AEAE2BBDC6D6003EB5EF /* CellularFilling.app */,
			);
			name = Products;
			sourceTree = "<group>";
		};
		1501AEB02BBDC6D6003EB5EF /* CellularFilling */ = {
			isa = PBXGroup;
			children = (
				1501AEC02BBEAD39003EB5EF /* Resources */,
				1501AEC42BBEAE5F003EB5EF /* Models */,
				1501AEC12BBEAD4B003EB5EF /* Core */,
				1501AEB72BBDC6D9003EB5EF /* Preview Content */,
			);
			path = CellularFilling;
			sourceTree = "<group>";
		};
		1501AEB72BBDC6D9003EB5EF /* Preview Content */ = {
			isa = PBXGroup;
			children = (
				1501AEB82BBDC6D9003EB5EF /* Preview Assets.xcassets */,
			);
			path = "Preview Content";
			sourceTree = "<group>";
		};
		1501AEC02BBEAD39003EB5EF /* Resources */ = {
			isa = PBXGroup;
			children = (
				1501AEB12BBDC6D6003EB5EF /* CellularFillingApp.swift */,
				1501AEB52BBDC6D9003EB5EF /* Assets.xcassets */,
			);
			path = Resources;
			sourceTree = "<group>";
		};
		1501AEC12BBEAD4B003EB5EF /* Core */ = {
			isa = PBXGroup;
			children = (
				1501AEC52BBEAE6D003EB5EF /* NewWorld Screen */,
			);
			path = Core;
			sourceTree = "<group>";
		};
		1501AEC22BBEAE51003EB5EF /* View */ = {
			isa = PBXGroup;
			children = (
				1501AEB32BBDC6D6003EB5EF /* NewWorldView.swift */,
				1501AEC92BBEAEDD003EB5EF /* NewWorldCell.swift */,
			);
			path = View;
			sourceTree = "<group>";
		};
		1501AEC32BBEAE59003EB5EF /* ViewModel */ = {
			isa = PBXGroup;
			children = (
				1501AEC62BBEAE8B003EB5EF /* NewWorldViewModel.swift */,
			);
			path = ViewModel;
			sourceTree = "<group>";
		};
		1501AEC42BBEAE5F003EB5EF /* Models */ = {
			isa = PBXGroup;
			children = (
				1501AECB2BBEB583003EB5EF /* Cell.swift */,
			);
			path = Models;
			sourceTree = "<group>";
		};
		1501AEC52BBEAE6D003EB5EF /* NewWorld Screen */ = {
			isa = PBXGroup;
			children = (
				1501AEC22BBEAE51003EB5EF /* View */,
				1501AEC32BBEAE59003EB5EF /* ViewModel */,
			);
			path = "NewWorld Screen";
			sourceTree = "<group>";
		};
/* End PBXGroup section */

/* Begin PBXNativeTarget section */
		1501AEAD2BBDC6D6003EB5EF /* CellularFilling */ = {
			isa = PBXNativeTarget;
			buildConfigurationList = 1501AEBC2BBDC6D9003EB5EF /* Build configuration list for PBXNativeTarget "CellularFilling" */;
			buildPhases = (
				1501AEAA2BBDC6D6003EB5EF /* Sources */,
				1501AEAB2BBDC6D6003EB5EF /* Frameworks */,
				1501AEAC2BBDC6D6003EB5EF /* Resources */,
			);
			buildRules = (
			);
			dependencies = (
			);
			name = CellularFilling;
			productName = CellularFilling;
			productReference = 1501AEAE2BBDC6D6003EB5EF /* CellularFilling.app */;
			productType = "com.apple.product-type.application";
		};
/* End PBXNativeTarget section */

/* Begin PBXProject section */
		1501AEA62BBDC6D6003EB5EF /* Project object */ = {
			isa = PBXProject;
			attributes = {
				BuildIndependentTargetsInParallel = 1;
				LastSwiftUpdateCheck = 1530;
				LastUpgradeCheck = 1530;
				TargetAttributes = {
					1501AEAD2BBDC6D6003EB5EF = {
						CreatedOnToolsVersion = 15.3;
					};
				};
			};
			buildConfigurationList = 1501AEA92BBDC6D6003EB5EF /* Build configuration list for PBXProject "CellularFilling" */;
			compatibilityVersion = "Xcode 14.0";
			developmentRegion = en;
			hasScannedForEncodings = 0;
			knownRegions = (
				en,
				Base,
			);
			mainGroup = 1501AEA52BBDC6D6003EB5EF;
			productRefGroup = 1501AEAF2BBDC6D6003EB5EF /* Products */;
			projectDirPath = "";
			projectRoot = "";
			targets = (
				1501AEAD2BBDC6D6003EB5EF /* CellularFilling */,
			);
		};
/* End PBXProject section */

/* Begin PBXResourcesBuildPhase section */
		1501AEAC2BBDC6D6003EB5EF /* Resources */ = {
			isa = PBXResourcesBuildPhase;
			buildActionMask = 2147483647;
			files = (
				1501AEB92BBDC6D9003EB5EF /* Preview Assets.xcassets in Resources */,
				1501AEB62BBDC6D9003EB5EF /* Assets.xcassets in Resources */,
			);
			runOnlyForDeploymentPostprocessing = 0;
		};
/* End PBXResourcesBuildPhase section */

/* Begin PBXSourcesBuildPhase section */
		1501AEAA2BBDC6D6003EB5EF /* Sources */ = {
			isa = PBXSourcesBuildPhase;
			buildActionMask = 2147483647;
			files = (
				1501AEB42BBDC6D6003EB5EF /* NewWorldView.swift in Sources */,
				1501AEC72BBEAE8C003EB5EF /* NewWorldViewModel.swift in Sources */,
				1501AECC2BBEB583003EB5EF /* Cell.swift in Sources */,
				1501AEB22BBDC6D6003EB5EF /* CellularFillingApp.swift in Sources */,
				1501AECA2BBEAEDD003EB5EF /* NewWorldCell.swift in Sources */,
			);
			runOnlyForDeploymentPostprocessing = 0;
		};
/* End PBXSourcesBuildPhase section */

/* Begin XCBuildConfiguration section */
		1501AEBA2BBDC6D9003EB5EF /* Debug */ = {
			isa = XCBuildConfiguration;
			buildSettings = {
				ALWAYS_SEARCH_USER_PATHS = NO;
				ASSETCATALOG_COMPILER_GENERATE_SWIFT_ASSET_SYMBOL_EXTENSIONS = YES;
				CLANG_ANALYZER_NONNULL = YES;
				CLANG_ANALYZER_NUMBER_OBJECT_CONVERSION = YES_AGGRESSIVE;
				CLANG_CXX_LANGUAGE_STANDARD = "gnu++20";
				CLANG_ENABLE_MODULES = YES;
				CLANG_ENABLE_OBJC_ARC = YES;
				CLANG_ENABLE_OBJC_WEAK = YES;
				CLANG_WARN_BLOCK_CAPTURE_AUTORELEASING = YES;
				CLANG_WARN_BOOL_CONVERSION = YES;
				CLANG_WARN_COMMA = YES;
				CLANG_WARN_CONSTANT_CONVERSION = YES;
				CLANG_WARN_DEPRECATED_OBJC_IMPLEMENTATIONS = YES;
				CLANG_WARN_DIRECT_OBJC_ISA_USAGE = YES_ERROR;
				CLANG_WARN_DOCUMENTATION_COMMENTS = YES;
				CLANG_WARN_EMPTY_BODY = YES;
				CLANG_WARN_ENUM_CONVERSION = YES;
				CLANG_WARN_INFINITE_RECURSION = YES;
				CLANG_WARN_INT_CONVERSION = YES;
				CLANG_WARN_NON_LITERAL_NULL_CONVERSION = YES;
				CLANG_WARN_OBJC_IMPLICIT_RETAIN_SELF = YES;
				CLANG_WARN_OBJC_LITERAL_CONVERSION = YES;
				CLANG_WARN_OBJC_ROOT_CLASS = YES_ERROR;
				CLANG_WARN_QUOTED_INCLUDE_IN_FRAMEWORK_HEADER = YES;
				CLANG_WARN_RANGE_LOOP_ANALYSIS = YES;
				CLANG_WARN_STRICT_PROTOTYPES = YES;
				CLANG_WARN_SUSPICIOUS_MOVE = YES;
				CLANG_WARN_UNGUARDED_AVAILABILITY = YES_AGGRESSIVE;
				CLANG_WARN_UNREACHABLE_CODE = YES;
				CLANG_WARN__DUPLICATE_METHOD_MATCH = YES;
				COPY_PHASE_STRIP = NO;
				DEBUG_INFORMATION_FORMAT = dwarf;
				ENABLE_STRICT_OBJC_MSGSEND = YES;
				ENABLE_TESTABILITY = YES;
				ENABLE_USER_SCRIPT_SANDBOXING = YES;
				GCC_C_LANGUAGE_STANDARD = gnu17;
				GCC_DYNAMIC_NO_PIC = NO;
				GCC_NO_COMMON_BLOCKS = YES;
				GCC_OPTIMIZATION_LEVEL = 0;
				GCC_PREPROCESSOR_DEFINITIONS = (
					"DEBUG=1",
					"$(inherited)",
				);
				GCC_WARN_64_TO_32_BIT_CONVERSION = YES;
				GCC_WARN_ABOUT_RETURN_TYPE = YES_ERROR;
				GCC_WARN_UNDECLARED_SELECTOR = YES;
				GCC_WARN_UNINITIALIZED_AUTOS = YES_AGGRESSIVE;
				GCC_WARN_UNUSED_FUNCTION = YES;
				GCC_WARN_UNUSED_VARIABLE = YES;
				IPHONEOS_DEPLOYMENT_TARGET = 17.4;
				LOCALIZATION_PREFERS_STRING_CATALOGS = YES;
				MTL_ENABLE_DEBUG_INFO = INCLUDE_SOURCE;
				MTL_FAST_MATH = YES;
				ONLY_ACTIVE_ARCH = YES;
				SDKROOT = iphoneos;
				SWIFT_ACTIVE_COMPILATION_CONDITIONS = "DEBUG $(inherited)";
				SWIFT_OPTIMIZATION_LEVEL = "-Onone";
			};
			name = Debug;
		};
		1501AEBB2BBDC6D9003EB5EF /* Release */ = {
			isa = XCBuildConfiguration;
			buildSettings = {
				ALWAYS_SEARCH_USER_PATHS = NO;
				ASSETCATALOG_COMPILER_GENERATE_SWIFT_ASSET_SYMBOL_EXTENSIONS = YES;
				CLANG_ANALYZER_NONNULL = YES;
				CLANG_ANALYZER_NUMBER_OBJECT_CONVERSION = YES_AGGRESSIVE;
				CLANG_CXX_LANGUAGE_STANDARD = "gnu++20";
				CLANG_ENABLE_MODULES = YES;
				CLANG_ENABLE_OBJC_ARC = YES;
				CLANG_ENABLE_OBJC_WEAK = YES;
				CLANG_WARN_BLOCK_CAPTURE_AUTORELEASING = YES;
				CLANG_WARN_BOOL_CONVERSION = YES;
				CLANG_WARN_COMMA = YES;
				CLANG_WARN_CONSTANT_CONVERSION = YES;
				CLANG_WARN_DEPRECATED_OBJC_IMPLEMENTATIONS = YES;
				CLANG_WARN_DIRECT_OBJC_ISA_USAGE = YES_ERROR;
				CLANG_WARN_DOCUMENTATION_COMMENTS = YES;
				CLANG_WARN_EMPTY_BODY = YES;
				CLANG_WARN_ENUM_CONVERSION = YES;
				CLANG_WARN_INFINITE_RECURSION = YES;
				CLANG_WARN_INT_CONVERSION = YES;
				CLANG_WARN_NON_LITERAL_NULL_CONVERSION = YES;
				CLANG_WARN_OBJC_IMPLICIT_RETAIN_SELF = YES;
				CLANG_WARN_OBJC_LITERAL_CONVERSION = YES;
				CLANG_WARN_OBJC_ROOT_CLASS = YES_ERROR;
				CLANG_WARN_QUOTED_INCLUDE_IN_FRAMEWORK_HEADER = YES;
				CLANG_WARN_RANGE_LOOP_ANALYSIS = YES;
				CLANG_WARN_STRICT_PROTOTYPES = YES;
				CLANG_WARN_SUSPICIOUS_MOVE = YES;
				CLANG_WARN_UNGUARDED_AVAILABILITY = YES_AGGRESSIVE;
				CLANG_WARN_UNREACHABLE_CODE = YES;
				CLANG_WARN__DUPLICATE_METHOD_MATCH = YES;
				COPY_PHASE_STRIP = NO;
				DEBUG_INFORMATION_FORMAT = "dwarf-with-dsym";
				ENABLE_NS_ASSERTIONS = NO;
				ENABLE_STRICT_OBJC_MSGSEND = YES;
				ENABLE_USER_SCRIPT_SANDBOXING = YES;
				GCC_C_LANGUAGE_STANDARD = gnu17;
				GCC_NO_COMMON_BLOCKS = YES;
				GCC_WARN_64_TO_32_BIT_CONVERSION = YES;
				GCC_WARN_ABOUT_RETURN_TYPE = YES_ERROR;
				GCC_WARN_UNDECLARED_SELECTOR = YES;
				GCC_WARN_UNINITIALIZED_AUTOS = YES_AGGRESSIVE;
				GCC_WARN_UNUSED_FUNCTION = YES;
				GCC_WARN_UNUSED_VARIABLE = YES;
				IPHONEOS_DEPLOYMENT_TARGET = 17.4;
				LOCALIZATION_PREFERS_STRING_CATALOGS = YES;
				MTL_ENABLE_DEBUG_INFO = NO;
				MTL_FAST_MATH = YES;
				SDKROOT = iphoneos;
				SWIFT_COMPILATION_MODE = wholemodule;
				VALIDATE_PRODUCT = YES;
			};
			name = Release;
		};
		1501AEBD2BBDC6D9003EB5EF /* Debug */ = {
			isa = XCBuildConfiguration;
			buildSettings = {
				ASSETCATALOG_COMPILER_APPICON_NAME = AppIcon;
				ASSETCATALOG_COMPILER_GLOBAL_ACCENT_COLOR_NAME = AccentColor;
				CODE_SIGN_STYLE = Automatic;
				CURRENT_PROJECT_VERSION = 1;
				DEVELOPMENT_ASSET_PATHS = "\"CellularFilling/Preview Content\"";
				DEVELOPMENT_TEAM = PP55TUKCZU;
				ENABLE_PREVIEWS = YES;
				GENERATE_INFOPLIST_FILE = YES;
				INFOPLIST_KEY_UIApplicationSceneManifest_Generation = YES;
				INFOPLIST_KEY_UIApplicationSupportsIndirectInputEvents = YES;
				INFOPLIST_KEY_UILaunchScreen_Generation = YES;
				INFOPLIST_KEY_UISupportedInterfaceOrientations = UIInterfaceOrientationPortrait;
				INFOPLIST_KEY_UISupportedInterfaceOrientations_iPad = "UIInterfaceOrientationLandscapeLeft UIInterfaceOrientationLandscapeRight UIInterfaceOrientationPortrait UIInterfaceOrientationPortraitUpsideDown";
				IPHONEOS_DEPLOYMENT_TARGET = 16.0;
				LD_RUNPATH_SEARCH_PATHS = (
					"$(inherited)",
					"@executable_path/Frameworks",
				);
				MARKETING_VERSION = 1.0;
				PRODUCT_BUNDLE_IDENTIFIER = shurup.CellularFilling;
				PRODUCT_NAME = "$(TARGET_NAME)";
				SUPPORTED_PLATFORMS = "iphoneos iphonesimulator";
				SUPPORTS_MACCATALYST = NO;
				SUPPORTS_MAC_DESIGNED_FOR_IPHONE_IPAD = NO;
				SUPPORTS_XR_DESIGNED_FOR_IPHONE_IPAD = NO;
				SWIFT_EMIT_LOC_STRINGS = YES;
				SWIFT_VERSION = 5.0;
				TARGETED_DEVICE_FAMILY = 1;
			};
			name = Debug;
		};
		1501AEBE2BBDC6D9003EB5EF /* Release */ = {
			isa = XCBuildConfiguration;
			buildSettings = {
				ASSETCATALOG_COMPILER_APPICON_NAME = AppIcon;
				ASSETCATALOG_COMPILER_GLOBAL_ACCENT_COLOR_NAME = AccentColor;
				CODE_SIGN_STYLE = Automatic;
				CURRENT_PROJECT_VERSION = 1;
				DEVELOPMENT_ASSET_PATHS = "\"CellularFilling/Preview Content\"";
				DEVELOPMENT_TEAM = PP55TUKCZU;
				ENABLE_PREVIEWS = YES;
				GENERATE_INFOPLIST_FILE = YES;
				INFOPLIST_KEY_UIApplicationSceneManifest_Generation = YES;
				INFOPLIST_KEY_UIApplicationSupportsIndirectInputEvents = YES;
				INFOPLIST_KEY_UILaunchScreen_Generation = YES;
				INFOPLIST_KEY_UISupportedInterfaceOrientations = UIInterfaceOrientationPortrait;
				INFOPLIST_KEY_UISupportedInterfaceOrientations_iPad = "UIInterfaceOrientationLandscapeLeft UIInterfaceOrientationLandscapeRight UIInterfaceOrientationPortrait UIInterfaceOrientationPortraitUpsideDown";
				IPHONEOS_DEPLOYMENT_TARGET = 16.0;
				LD_RUNPATH_SEARCH_PATHS = (
					"$(inherited)",
					"@executable_path/Frameworks",
				);
				MARKETING_VERSION = 1.0;
				PRODUCT_BUNDLE_IDENTIFIER = shurup.CellularFilling;
				PRODUCT_NAME = "$(TARGET_NAME)";
				SUPPORTED_PLATFORMS = "iphoneos iphonesimulator";
				SUPPORTS_MACCATALYST = NO;
				SUPPORTS_MAC_DESIGNED_FOR_IPHONE_IPAD = NO;
				SUPPORTS_XR_DESIGNED_FOR_IPHONE_IPAD = NO;
				SWIFT_EMIT_LOC_STRINGS = YES;
				SWIFT_VERSION = 5.0;
				TARGETED_DEVICE_FAMILY = 1;
			};
			name = Release;
		};
/* End XCBuildConfiguration section */

/* Begin XCConfigurationList section */
		1501AEA92BBDC6D6003EB5EF /* Build configuration list for PBXProject "CellularFilling" */ = {
			isa = XCConfigurationList;
			buildConfigurations = (
				1501AEBA2BBDC6D9003EB5EF /* Debug */,
				1501AEBB2BBDC6D9003EB5EF /* Release */,
			);
			defaultConfigurationIsVisible = 0;
			defaultConfigurationName = Release;
		};
		1501AEBC2BBDC6D9003EB5EF /* Build configuration list for PBXNativeTarget "CellularFilling" */ = {
			isa = XCConfigurationList;
			buildConfigurations = (
				1501AEBD2BBDC6D9003EB5EF /* Debug */,
				1501AEBE2BBDC6D9003EB5EF /* Release */,
			);
			defaultConfigurationIsVisible = 0;
			defaultConfigurationName = Release;
		};
/* End XCConfigurationList section */
	};
	rootObject = 1501AEA62BBDC6D6003EB5EF /* Project object */;
}
